{
  "name": "ngx-ruler",
  "version": "0.10.0",
  "lockfileVersion": 2,
  "requires": true,
  "packages": {
    "": {
      "name": "ngx-ruler",
      "version": "0.10.0",
      "license": "MIT",
      "dependencies": {
        "@scena/ruler": "~0.10.0"
      },
      "peerDependencies": {
        "@angular/common": "^8.2.13",
        "@angular/core": "^8.2.13"
      }
    },
    "node_modules/@angular/common": {
      "version": "8.2.14",
      "resolved": "https://registry.npmjs.org/@angular/common/-/common-8.2.14.tgz",
      "integrity": "sha512-Qmt+aX2quUW54kaNT7QH7WGXnFxr/cC2C6sf5SW5SdkZfDQSiz8IaItvieZfXVQUbBOQKFRJ7TlSkt0jI/yjvw==",
      "peer": true,
      "dependencies": {
        "tslib": "^1.9.0"
      },
      "peerDependencies": {
        "@angular/core": "8.2.14",
        "rxjs": "^6.4.0"
      }
    },
    "node_modules/@angular/core": {
      "version": "8.2.14",
      "resolved": "https://registry.npmjs.org/@angular/core/-/core-8.2.14.tgz",
      "integrity": "sha512-zeePkigi+hPh3rN7yoNENG/YUBUsIvUXdxx+AZq+QPaFeKEA2FBSrKn36ojHFrdJUjKzl0lPMEiGC2b6a6bo6g==",
      "peer": true,
      "dependencies": {
        "tslib": "^1.9.0"
      },
      "peerDependencies": {
        "rxjs": "^6.4.0",
        "zone.js": "~0.9.1"
      }
    },
    "node_modules/@daybrush/utils": {
      "version": "1.7.1",
      "resolved": "https://registry.npmjs.org/@daybrush/utils/-/utils-1.7.1.tgz",
      "integrity": "sha512-ruVDIfXeVAF4s0RxJoNx5hTjxlIRMnKoJ7N5e2m9eDyluIXB12EvhMPQdoq4a/ohJ+cPgj2MiWS5Lvmpsrx8Gg=="
    },
    "node_modules/@egjs/list-differ": {
      "version": "1.0.0",
      "resolved": "https://registry.npmjs.org/@egjs/list-differ/-/list-differ-1.0.0.tgz",
      "integrity": "sha512-HsbMKc0ZAQH+EUeCmI/2PvTYSybmkaWwakU8QGDYYgMVIg9BQ5sM0A0Nnombjxo2+JzXHxmH+jw//yGX+y6GYw=="
    },
    "node_modules/@scena/react-ruler": {
      "version": "0.10.0",
      "resolved": "https://registry.npmjs.org/@scena/react-ruler/-/react-ruler-0.10.0.tgz",
      "integrity": "sha512-E1phrRucWtoPazj/3PseRiGFY5Lfc7NfVkLjAnYiB2NXahne453gnp+4JZBoqUh+WeowzpTh2FLwv3tMJkMF2g==",
      "dependencies": {
        "@daybrush/utils": "^1.7.1",
        "framework-utils": "^1.1.0"
      }
    },
    "node_modules/@scena/ruler": {
      "version": "0.10.0",
      "resolved": "https://registry.npmjs.org/@scena/ruler/-/ruler-0.10.0.tgz",
      "integrity": "sha512-5Hg2/omOWrvXoiBD7B2p51oKWXHZyoq7H1m95GiwJHMpfWFKiSyZJNDcVVSTEJ4Md1HrWzz1fIeZN7vaFyU72Q==",
      "dependencies": {
        "react-compat-ruler": "~0.9.0",
        "react-simple-compat": "^1.2.2"
      }
    },
    "node_modules/framework-utils": {
      "version": "1.1.0",
      "resolved": "https://registry.npmjs.org/framework-utils/-/framework-utils-1.1.0.tgz",
      "integrity": "sha512-KAfqli5PwpFJ8o3psRNs8svpMGyCSAe8nmGcjQ0zZBWN2H6dZDnq+ABp3N3hdUmFeMrLtjOCTXD4yplUJIWceg=="
    },
    "node_modules/react-compat-ruler": {
      "version": "0.9.0",
      "resolved": "https://registry.npmjs.org/react-compat-ruler/-/react-compat-ruler-0.9.0.tgz",
      "integrity": "sha512-cqyXFoJbvAQJEZkvd+1RXwn8/mm05YpnYD3xIm/IpTB8FXrkeL7/kb0SDe/cR713J20qrjPBl0TtG8CbjAWJqA==",
      "dependencies": {
        "@scena/react-ruler": "~0.10.0"
      }
    },
    "node_modules/react-simple-compat": {
      "version": "1.2.2",
      "resolved": "https://registry.npmjs.org/react-simple-compat/-/react-simple-compat-1.2.2.tgz",
      "integrity": "sha512-DYa9MHplwzjL/9xDKmTvM70umky8R162aZsKsWC2XRD7d+mIXyr8IQmAoRMlH2uwl4yGGgZbg7bj20qlCMhIYA==",
      "dependencies": {
        "@daybrush/utils": "^1.0.0",
        "@egjs/list-differ": "^1.0.0"
      }
    },
    "node_modules/rxjs": {
      "version": "6.6.7",
      "resolved": "https://registry.npmjs.org/rxjs/-/rxjs-6.6.7.tgz",
      "integrity": "sha512-hTdwr+7yYNIT5n4AMYp85KA6yw2Va0FLa3Rguvbpa4W3I5xynaBZo41cM3XM+4Q6fRMj3sBYIR1VAmZMXYJvRQ==",
      "peer": true,
      "dependencies": {
        "tslib": "^1.9.0"
      },
      "engines": {
        "npm": ">=2.0.0"
      }
    },
    "node_modules/tslib": {
      "version": "1.14.1",
      "resolved": "https://registry.npmjs.org/tslib/-/tslib-1.14.1.tgz",
      "integrity": "sha512-Xni35NKzjgMrwevysHTCArtLDpPvye8zV/0E4EyYn43P7/7qvQwPh9BGkHewbMulVntbigmcT7rdX3BNo9wRJg==",
      "peer": true
    },
    "node_modules/zone.js": {
      "version": "0.9.1",
      "resolved": "https://registry.npmjs.org/zone.js/-/zone.js-0.9.1.tgz",
      "integrity": "sha512-GkPiJL8jifSrKReKaTZ5jkhrMEgXbXYC+IPo1iquBjayRa0q86w3Dipjn8b415jpitMExe9lV8iTsv8tk3DGag==",
      "peer": true
    }
  },
  "dependencies": {
    "@angular/common": {
      "version": "8.2.14",
      "resolved": "https://registry.npmjs.org/@angular/common/-/common-8.2.14.tgz",
      "integrity": "sha512-Qmt+aX2quUW54kaNT7QH7WGXnFxr/cC2C6sf5SW5SdkZfDQSiz8IaItvieZfXVQUbBOQKFRJ7TlSkt0jI/yjvw==",
      "peer": true,
      "requires": {
        "tslib": "^1.9.0"
      }
    },
    "@angular/core": {
      "version": "8.2.14",
      "resolved": "https://registry.npmjs.org/@angular/core/-/core-8.2.14.tgz",
      "integrity": "sha512-zeePkigi+hPh3rN7yoNENG/YUBUsIvUXdxx+AZq+QPaFeKEA2FBSrKn36ojHFrdJUjKzl0lPMEiGC2b6a6bo6g==",
      "peer": true,
      "requires": {
        "tslib": "^1.9.0"
      }
    },
    "@daybrush/utils": {
      "version": "1.7.1",
      "resolved": "https://registry.npmjs.org/@daybrush/utils/-/utils-1.7.1.tgz",
      "integrity": "sha512-ruVDIfXeVAF4s0RxJoNx5hTjxlIRMnKoJ7N5e2m9eDyluIXB12EvhMPQdoq4a/ohJ+cPgj2MiWS5Lvmpsrx8Gg=="
    },
    "@egjs/list-differ": {
      "version": "1.0.0",
      "resolved": "https://registry.npmjs.org/@egjs/list-differ/-/list-differ-1.0.0.tgz",
      "integrity": "sha512-HsbMKc0ZAQH+EUeCmI/2PvTYSybmkaWwakU8QGDYYgMVIg9BQ5sM0A0Nnombjxo2+JzXHxmH+jw//yGX+y6GYw=="
    },
    "@scena/react-ruler": {
      "version": "0.10.0",
      "resolved": "https://registry.npmjs.org/@scena/react-ruler/-/react-ruler-0.10.0.tgz",
      "integrity": "sha512-E1phrRucWtoPazj/3PseRiGFY5Lfc7NfVkLjAnYiB2NXahne453gnp+4JZBoqUh+WeowzpTh2FLwv3tMJkMF2g==",
      "requires": {
        "@daybrush/utils": "^1.7.1",
        "framework-utils": "^1.1.0"
      }
    },
    "@scena/ruler": {
      "version": "0.10.0",
      "resolved": "https://registry.npmjs.org/@scena/ruler/-/ruler-0.10.0.tgz",
      "integrity": "sha512-5Hg2/omOWrvXoiBD7B2p51oKWXHZyoq7H1m95GiwJHMpfWFKiSyZJNDcVVSTEJ4Md1HrWzz1fIeZN7vaFyU72Q==",
      "requires": {
        "react-compat-ruler": "~0.9.0",
        "react-simple-compat": "^1.2.2"
      }
    },
    "framework-utils": {
      "version": "1.1.0",
      "resolved": "https://registry.npmjs.org/framework-utils/-/framework-utils-1.1.0.tgz",
      "integrity": "sha512-KAfqli5PwpFJ8o3psRNs8svpMGyCSAe8nmGcjQ0zZBWN2H6dZDnq+ABp3N3hdUmFeMrLtjOCTXD4yplUJIWceg=="
    },
    "react-compat-ruler": {
      "version": "0.9.0",
      "resolved": "https://registry.npmjs.org/react-compat-ruler/-/react-compat-ruler-0.9.0.tgz",
      "integrity": "sha512-cqyXFoJbvAQJEZkvd+1RXwn8/mm05YpnYD3xIm/IpTB8FXrkeL7/kb0SDe/cR713J20qrjPBl0TtG8CbjAWJqA==",
      "requires": {
        "@scena/react-ruler": "~0.10.0"
      }
    },
    "react-simple-compat": {
      "version": "1.2.2",
      "resolved": "https://registry.npmjs.org/react-simple-compat/-/react-simple-compat-1.2.2.tgz",
      "integrity": "sha512-DYa9MHplwzjL/9xDKmTvM70umky8R162aZsKsWC2XRD7d+mIXyr8IQmAoRMlH2uwl4yGGgZbg7bj20qlCMhIYA==",
      "requires": {
        "@daybrush/utils": "^1.0.0",
        "@egjs/list-differ": "^1.0.0"
      }
    },
    "rxjs": {
      "version": "6.6.7",
      "resolved": "https://registry.npmjs.org/rxjs/-/rxjs-6.6.7.tgz",
      "integrity": "sha512-hTdwr+7yYNIT5n4AMYp85KA6yw2Va0FLa3Rguvbpa4W3I5xynaBZo41cM3XM+4Q6fRMj3sBYIR1VAmZMXYJvRQ==",
      "peer": true,
      "requires": {
        "tslib": "^1.9.0"
      }
    },
    "tslib": {
      "version": "1.14.1",
      "resolved": "https://registry.npmjs.org/tslib/-/tslib-1.14.1.tgz",
      "integrity": "sha512-Xni35NKzjgMrwevysHTCArtLDpPvye8zV/0E4EyYn43P7/7qvQwPh9BGkHewbMulVntbigmcT7rdX3BNo9wRJg==",
      "peer": true
    },
    "zone.js": {
      "version": "0.9.1",
      "resolved": "https://registry.npmjs.org/zone.js/-/zone.js-0.9.1.tgz",
      "integrity": "sha512-GkPiJL8jifSrKReKaTZ5jkhrMEgXbXYC+IPo1iquBjayRa0q86w3Dipjn8b415jpitMExe9lV8iTsv8tk3DGag==",
      "peer": true
    }
  }
}
