{
  "name": "ngx-ruler",
  "version": "0.4.1",
  "lockfileVersion": 1,
  "requires": true,
  "dependencies": {
    "@daybrush/utils": {
      "version": "0.10.4",
      "resolved": "https://registry.npmjs.org/@daybrush/utils/-/utils-0.10.4.tgz",
      "integrity": "sha512-gqnTIsaHbqOuIEDwtZIkxZuIRo1yT2rY7jesTYW/Niu9jfv6RiIyhlLHq9j3Z4Ua8eeaydRvBzST1CU+aoo79A=="
    },
    "@egjs/list-differ": {
      "version": "1.0.0",
      "resolved": "https://registry.npmjs.org/@egjs/list-differ/-/list-differ-1.0.0.tgz",
      "integrity": "sha512-HsbMKc0ZAQH+EUeCmI/2PvTYSybmkaWwakU8QGDYYgMVIg9BQ5sM0A0Nnombjxo2+JzXHxmH+jw//yGX+y6GYw=="
    },
    "@scena/react-ruler": {
      "version": "0.4.0",
      "resolved": "https://registry.npmjs.org/@scena/react-ruler/-/react-ruler-0.4.0.tgz",
      "integrity": "sha512-MGY8jaTdopMzvDe6k12yBItrak2lZ/10eHijWADNDx1Q8Pj4PEAwrGBIl1I2okEkVSej6tHVefbN9PTZHlNLPA==",
      "requires": {
        "@daybrush/utils": "^0.10.1",
        "framework-utils": "^0.3.0"
      }
    },
    "@scena/ruler": {
      "version": "0.4.1",
      "resolved": "https://registry.npmjs.org/@scena/ruler/-/ruler-0.4.1.tgz",
      "integrity": "sha512-Yq4Ox05YbVh4eb2MA89RZPQLU48+0Vwk/El1bLba3g7hnEy3mJm4rLutbzU3xL0r6pWlnTCp09cZbchuvyAjNw==",
      "requires": {
        "react-compat-ruler": "^0.3.1"
      }
    },
    "framework-utils": {
      "version": "0.3.4",
      "resolved": "https://registry.npmjs.org/framework-utils/-/framework-utils-0.3.4.tgz",
      "integrity": "sha512-Psekd+sXiHxtjLvK6aqi7vw6sQpShfBQSYlLkxCyhVzpmeTdxv1lCq8BGx++Mm5yw+MUn5IA4WKNO6LZFtOe2Q=="
    },
    "react-compat-ruler": {
      "version": "0.3.1",
      "resolved": "https://registry.npmjs.org/react-compat-ruler/-/react-compat-ruler-0.3.1.tgz",
      "integrity": "sha512-Rk8m6mvhGW5bnRfdKqtgm/40wvb6myFzwovqt/FPPrQPKl3IYbq/8kp2KUHQM7b9U0Fwewj+X6sXYcti4abOYw==",
      "requires": {
        "@scena/react-ruler": "^0.4.0",
        "react-simple-compat": "^0.1.6"
      }
    },
    "react-simple-compat": {
      "version": "0.1.6",
      "resolved": "https://registry.npmjs.org/react-simple-compat/-/react-simple-compat-0.1.6.tgz",
      "integrity": "sha512-U89riySR+TSydKiB4cjq/67wE+z4zNw7aLm5GIIOycrAD6XcDIApGqetGcUUWhlZmjjZnpzKMOwJKSiYTLxJeQ==",
      "requires": {
        "@daybrush/utils": "^0.10.1",
        "@egjs/list-differ": "^1.0.0"
      }
    }
  }
}
