{
  "name": "ngx-ruler",
  "version": "0.7.1",
  "lockfileVersion": 1,
  "requires": true,
  "dependencies": {
    "@daybrush/utils": {
      "version": "1.4.0",
      "resolved": "https://registry.npmjs.org/@daybrush/utils/-/utils-1.4.0.tgz",
      "integrity": "sha512-P+l76QjGFwu8IbrFoIHO1equrL02h6wYJLRZ37Snr6o3bPEwPS0mdJqyTZipHMhrWoR44UVtZTUi41GPCDc9PQ=="
    },
    "@egjs/list-differ": {
      "version": "1.0.0",
      "resolved": "https://registry.npmjs.org/@egjs/list-differ/-/list-differ-1.0.0.tgz",
      "integrity": "sha512-HsbMKc0ZAQH+EUeCmI/2PvTYSybmkaWwakU8QGDYYgMVIg9BQ5sM0A0Nnombjxo2+JzXHxmH+jw//yGX+y6GYw=="
    },
    "@scena/react-ruler": {
      "version": "0.7.3",
      "resolved": "https://registry.npmjs.org/@scena/react-ruler/-/react-ruler-0.7.3.tgz",
      "integrity": "sha512-G2IpKaQkjt8w7bTR1s5Q4OQGFS2SqakiTDLBpSStFSLKtPxLpq/B6MvpZAEgP/GgWr7E2HfzwV3KF7HLUlRm2A==",
      "requires": {
        "@daybrush/utils": "^1.4.0",
        "framework-utils": "^1.1.0"
      }
    },
    "@scena/ruler": {
      "version": "0.7.1",
      "resolved": "https://registry.npmjs.org/@scena/ruler/-/ruler-0.7.1.tgz",
      "integrity": "sha512-4QM8hLC6a0jS8qbzOhwXktai6CuGA1sn9Bx2bG7ZHy4YMRZhdSQh9iuLAS6JbvMVUJqolayCKYdYQO8XhTrNzg==",
      "requires": {
        "react-compat-ruler": "~0.6.1"
      }
    },
    "framework-utils": {
      "version": "1.1.0",
      "resolved": "https://registry.npmjs.org/framework-utils/-/framework-utils-1.1.0.tgz",
      "integrity": "sha512-KAfqli5PwpFJ8o3psRNs8svpMGyCSAe8nmGcjQ0zZBWN2H6dZDnq+ABp3N3hdUmFeMrLtjOCTXD4yplUJIWceg=="
    },
    "react-compat-ruler": {
      "version": "0.6.1",
      "resolved": "https://registry.npmjs.org/react-compat-ruler/-/react-compat-ruler-0.6.1.tgz",
      "integrity": "sha512-dvuCVwNfRc2hfEY75XzjbZSa2jaXduhmNwO14AQLeQ30k5TYpJDatkpzRnmvdimd/GK2K/0bCrQ39k27YXBUbA==",
      "requires": {
        "@scena/react-ruler": "~0.7.3",
        "react-simple-compat": "^1.0.0"
      }
    },
    "react-simple-compat": {
      "version": "1.1.0",
      "resolved": "https://registry.npmjs.org/react-simple-compat/-/react-simple-compat-1.1.0.tgz",
      "integrity": "sha512-jnwwX5QTktcZgZDJYukN2qCxu4WQBrFHu3d4zTdvGaeGA61sUn1Qsv8cOSeW1HSyPE9oEUBIBrOqwEFA1VWDbA==",
      "requires": {
        "@daybrush/utils": "^1.0.0",
        "@egjs/list-differ": "^1.0.0"
      }
    }
  }
}
